
Microsoft Visual Studio Solution File, Format Version 12.00
# Visual Studio Version 16
VisualStudioVersion = 16.0.28917.181
MinimumVisualStudioVersion = 10.0.40219.1
Project("{FAE04EC0-301F-11D3-BF4B-00C04F79EFBC}") = "AdditionCalculator", "AdditionCalculator\AdditionCalculator.csproj", "{2AACD007-5BDB-45B8-AC58-FD431DA00ABB}"
EndProject
Global
	GlobalSection(SolutionConfigurationPlatforms) = preSolution
		Debug|Any CPU = Debug|Any CPU
		Release|Any CPU = Release|Any CPU
	EndGlobalSection
	GlobalSection(ProjectConfigurationPlatforms) = postSolution
		{2AACD007-5BDB-45B8-AC58-FD431DA00ABB}.Debug|Any CPU.ActiveCfg = Debug|Any CPU
		{2AACD007-5BDB-45B8-AC58-FD431DA00ABB}.Debug|Any CPU.Build.0 = Debug|Any CPU
		{2AACD007-5BDB-45B8-AC58-FD431DA00ABB}.Release|Any CPU.ActiveCfg = Release|Any CPU
		{2AACD007-5BDB-45B8-AC58-FD431DA00ABB}.Release|Any CPU.Build.0 = Release|Any CPU
	EndGlobalSection
	GlobalSection(SolutionProperties) = preSolution
		HideSolutionNode = FALSE
	EndGlobalSection
	GlobalSection(ExtensibilityGlobals) = postSolution
		SolutionGuid = {75C777BD-E46F-4C73-B603-A864CF7B5C52}
	EndGlobalSection
EndGlobal
